{
  "name": "wow tbc",
  "lockfileVersion": 3,
  "requires": true,
  "packages": {
    "": {
      "dependencies": {
        "wow-classic-items": "^2.0.1"
      }
    },
    "node_modules/wow-classic-items": {
      "version": "2.0.1",
      "resolved": "https://registry.npmjs.org/wow-classic-items/-/wow-classic-items-2.0.1.tgz",
      "integrity": "sha512-iAyZNcnHuZNqjTH3qG5jMQoZSLBi4Aq5XYbly0IU+vCJruXkSzHqB8ejGwRp/nFaIS1Ron2/ALYQNtdewd6ZVw==",
      "license": "MIT"
    }
  }
}
